
Microsoft Visual Studio Solution File, Format Version 12.00
# Visual Studio Version 17
VisualStudioVersion = 17.0.32126.317
MinimumVisualStudioVersion = 10.0.40219.1
Project("{2150E333-8FDC-42A3-9474-1A3956D46DE8}") = "src", "src", "{87D165C3-8F0D-4C74-9B0D-AE8E9FF444FD}"
EndProject
Project("{9A19103F-16F7-4668-BE54-9A1E7A4F7556}") = "UniClub.Domain", "UniClub.Domain\UniClub.Domain.csproj", "{B2E0AB18-C41F-447B-909A-F07401E2E0FC}"
EndProject
Project("{9A19103F-16F7-4668-BE54-9A1E7A4F7556}") = "UniClub.Helper", "UniClub.Helper\UniClub.Helper.csproj", "{2F978E60-2721-408E-AB75-775D3AAD6DEE}"
EndProject
Project("{9A19103F-16F7-4668-BE54-9A1E7A4F7556}") = "UniClub.HttpApi", "UniClub.HttpApi\UniClub.HttpApi.csproj", "{9BB3D332-1007-4A5B-9814-3919D08D3239}"
EndProject
Project("{9A19103F-16F7-4668-BE54-9A1E7A4F7556}") = "UniClub.Repositories", "UniClub.Repositories\UniClub.Repositories.csproj", "{B8B96C22-279C-4646-8EC0-7CDE66525DDA}"
EndProject
Project("{9A19103F-16F7-4668-BE54-9A1E7A4F7556}") = "UniClub.Services", "UniClub.Services\UniClub.Services.csproj", "{6779E6F2-9D0F-4F9B-941A-7C81915F20AA}"
EndProject
Project("{9A19103F-16F7-4668-BE54-9A1E7A4F7556}") = "UniClub.EntityFrameworkCore", "UniClub.EntityFrameworkCore\UniClub.EntityFrameworkCore.csproj", "{93F2051A-000A-4E09-ACAA-866B5B0E7ADE}"
EndProject
Project("{9A19103F-16F7-4668-BE54-9A1E7A4F7556}") = "UniClub.Application", "UniClub.Application\UniClub.Application.csproj", "{9E477DEB-706A-4AB7-9597-E22094E9CF92}"
EndProject
Project("{9A19103F-16F7-4668-BE54-9A1E7A4F7556}") = "UniClub.AutoMapper", "UniClub.AutoMapper\UniClub.AutoMapper.csproj", "{7D3CEB42-ACC4-4479-849A-1941B31B86C9}"
EndProject
Project("{9A19103F-16F7-4668-BE54-9A1E7A4F7556}") = "UniClub.Specifications", "UniClub.Specifications\UniClub.Specifications.csproj", "{CC678F72-2405-4725-B760-6AA926B102A3}"
EndProject
Project("{9A19103F-16F7-4668-BE54-9A1E7A4F7556}") = "UniClub.Dtos", "UniClub.Dtos\UniClub.Dtos.csproj", "{341FD727-0185-4540-9943-29EB87D64498}"
EndProject
Project("{9A19103F-16F7-4668-BE54-9A1E7A4F7556}") = "UniClub.Commands", "UniClub.Commands\UniClub.Commands.csproj", "{0CDAE6DC-7EDD-4E97-8840-D6551DE30C06}"
EndProject
Project("{9A19103F-16F7-4668-BE54-9A1E7A4F7556}") = "UniClub.Queries", "UniClub.Queries\UniClub.Queries.csproj", "{40ADC0C1-D368-479A-825E-19A64306C559}"
EndProject
Global
	GlobalSection(SolutionConfigurationPlatforms) = preSolution
		Debug|Any CPU = Debug|Any CPU
		Release|Any CPU = Release|Any CPU
	EndGlobalSection
	GlobalSection(ProjectConfigurationPlatforms) = postSolution
		{B2E0AB18-C41F-447B-909A-F07401E2E0FC}.Debug|Any CPU.ActiveCfg = Debug|Any CPU
		{B2E0AB18-C41F-447B-909A-F07401E2E0FC}.Debug|Any CPU.Build.0 = Debug|Any CPU
		{B2E0AB18-C41F-447B-909A-F07401E2E0FC}.Release|Any CPU.ActiveCfg = Release|Any CPU
		{B2E0AB18-C41F-447B-909A-F07401E2E0FC}.Release|Any CPU.Build.0 = Release|Any CPU
		{2F978E60-2721-408E-AB75-775D3AAD6DEE}.Debug|Any CPU.ActiveCfg = Debug|Any CPU
		{2F978E60-2721-408E-AB75-775D3AAD6DEE}.Debug|Any CPU.Build.0 = Debug|Any CPU
		{2F978E60-2721-408E-AB75-775D3AAD6DEE}.Release|Any CPU.ActiveCfg = Release|Any CPU
		{2F978E60-2721-408E-AB75-775D3AAD6DEE}.Release|Any CPU.Build.0 = Release|Any CPU
		{9BB3D332-1007-4A5B-9814-3919D08D3239}.Debug|Any CPU.ActiveCfg = Debug|Any CPU
		{9BB3D332-1007-4A5B-9814-3919D08D3239}.Debug|Any CPU.Build.0 = Debug|Any CPU
		{9BB3D332-1007-4A5B-9814-3919D08D3239}.Release|Any CPU.ActiveCfg = Release|Any CPU
		{9BB3D332-1007-4A5B-9814-3919D08D3239}.Release|Any CPU.Build.0 = Release|Any CPU
		{B8B96C22-279C-4646-8EC0-7CDE66525DDA}.Debug|Any CPU.ActiveCfg = Debug|Any CPU
		{B8B96C22-279C-4646-8EC0-7CDE66525DDA}.Debug|Any CPU.Build.0 = Debug|Any CPU
		{B8B96C22-279C-4646-8EC0-7CDE66525DDA}.Release|Any CPU.ActiveCfg = Release|Any CPU
		{B8B96C22-279C-4646-8EC0-7CDE66525DDA}.Release|Any CPU.Build.0 = Release|Any CPU
		{6779E6F2-9D0F-4F9B-941A-7C81915F20AA}.Debug|Any CPU.ActiveCfg = Debug|Any CPU
		{6779E6F2-9D0F-4F9B-941A-7C81915F20AA}.Debug|Any CPU.Build.0 = Debug|Any CPU
		{6779E6F2-9D0F-4F9B-941A-7C81915F20AA}.Release|Any CPU.ActiveCfg = Release|Any CPU
		{6779E6F2-9D0F-4F9B-941A-7C81915F20AA}.Release|Any CPU.Build.0 = Release|Any CPU
		{93F2051A-000A-4E09-ACAA-866B5B0E7ADE}.Debug|Any CPU.ActiveCfg = Debug|Any CPU
		{93F2051A-000A-4E09-ACAA-866B5B0E7ADE}.Debug|Any CPU.Build.0 = Debug|Any CPU
		{93F2051A-000A-4E09-ACAA-866B5B0E7ADE}.Release|Any CPU.ActiveCfg = Release|Any CPU
		{93F2051A-000A-4E09-ACAA-866B5B0E7ADE}.Release|Any CPU.Build.0 = Release|Any CPU
		{9E477DEB-706A-4AB7-9597-E22094E9CF92}.Debug|Any CPU.ActiveCfg = Debug|Any CPU
		{9E477DEB-706A-4AB7-9597-E22094E9CF92}.Debug|Any CPU.Build.0 = Debug|Any CPU
		{9E477DEB-706A-4AB7-9597-E22094E9CF92}.Release|Any CPU.ActiveCfg = Release|Any CPU
		{9E477DEB-706A-4AB7-9597-E22094E9CF92}.Release|Any CPU.Build.0 = Release|Any CPU
		{7D3CEB42-ACC4-4479-849A-1941B31B86C9}.Debug|Any CPU.ActiveCfg = Debug|Any CPU
		{7D3CEB42-ACC4-4479-849A-1941B31B86C9}.Debug|Any CPU.Build.0 = Debug|Any CPU
		{7D3CEB42-ACC4-4479-849A-1941B31B86C9}.Release|Any CPU.ActiveCfg = Release|Any CPU
		{7D3CEB42-ACC4-4479-849A-1941B31B86C9}.Release|Any CPU.Build.0 = Release|Any CPU
		{CC678F72-2405-4725-B760-6AA926B102A3}.Debug|Any CPU.ActiveCfg = Debug|Any CPU
		{CC678F72-2405-4725-B760-6AA926B102A3}.Debug|Any CPU.Build.0 = Debug|Any CPU
		{CC678F72-2405-4725-B760-6AA926B102A3}.Release|Any CPU.ActiveCfg = Release|Any CPU
		{CC678F72-2405-4725-B760-6AA926B102A3}.Release|Any CPU.Build.0 = Release|Any CPU
		{341FD727-0185-4540-9943-29EB87D64498}.Debug|Any CPU.ActiveCfg = Debug|Any CPU
		{341FD727-0185-4540-9943-29EB87D64498}.Debug|Any CPU.Build.0 = Debug|Any CPU
		{341FD727-0185-4540-9943-29EB87D64498}.Release|Any CPU.ActiveCfg = Release|Any CPU
		{341FD727-0185-4540-9943-29EB87D64498}.Release|Any CPU.Build.0 = Release|Any CPU
		{0CDAE6DC-7EDD-4E97-8840-D6551DE30C06}.Debug|Any CPU.ActiveCfg = Debug|Any CPU
		{0CDAE6DC-7EDD-4E97-8840-D6551DE30C06}.Debug|Any CPU.Build.0 = Debug|Any CPU
		{0CDAE6DC-7EDD-4E97-8840-D6551DE30C06}.Release|Any CPU.ActiveCfg = Release|Any CPU
		{0CDAE6DC-7EDD-4E97-8840-D6551DE30C06}.Release|Any CPU.Build.0 = Release|Any CPU
		{40ADC0C1-D368-479A-825E-19A64306C559}.Debug|Any CPU.ActiveCfg = Debug|Any CPU
		{40ADC0C1-D368-479A-825E-19A64306C559}.Debug|Any CPU.Build.0 = Debug|Any CPU
		{40ADC0C1-D368-479A-825E-19A64306C559}.Release|Any CPU.ActiveCfg = Release|Any CPU
		{40ADC0C1-D368-479A-825E-19A64306C559}.Release|Any CPU.Build.0 = Release|Any CPU
	EndGlobalSection
	GlobalSection(SolutionProperties) = preSolution
		HideSolutionNode = FALSE
	EndGlobalSection
	GlobalSection(NestedProjects) = preSolution
		{B2E0AB18-C41F-447B-909A-F07401E2E0FC} = {87D165C3-8F0D-4C74-9B0D-AE8E9FF444FD}
		{2F978E60-2721-408E-AB75-775D3AAD6DEE} = {87D165C3-8F0D-4C74-9B0D-AE8E9FF444FD}
		{9BB3D332-1007-4A5B-9814-3919D08D3239} = {87D165C3-8F0D-4C74-9B0D-AE8E9FF444FD}
		{B8B96C22-279C-4646-8EC0-7CDE66525DDA} = {87D165C3-8F0D-4C74-9B0D-AE8E9FF444FD}
		{6779E6F2-9D0F-4F9B-941A-7C81915F20AA} = {87D165C3-8F0D-4C74-9B0D-AE8E9FF444FD}
		{93F2051A-000A-4E09-ACAA-866B5B0E7ADE} = {87D165C3-8F0D-4C74-9B0D-AE8E9FF444FD}
		{9E477DEB-706A-4AB7-9597-E22094E9CF92} = {87D165C3-8F0D-4C74-9B0D-AE8E9FF444FD}
		{7D3CEB42-ACC4-4479-849A-1941B31B86C9} = {87D165C3-8F0D-4C74-9B0D-AE8E9FF444FD}
		{CC678F72-2405-4725-B760-6AA926B102A3} = {87D165C3-8F0D-4C74-9B0D-AE8E9FF444FD}
		{341FD727-0185-4540-9943-29EB87D64498} = {87D165C3-8F0D-4C74-9B0D-AE8E9FF444FD}
		{0CDAE6DC-7EDD-4E97-8840-D6551DE30C06} = {87D165C3-8F0D-4C74-9B0D-AE8E9FF444FD}
		{40ADC0C1-D368-479A-825E-19A64306C559} = {87D165C3-8F0D-4C74-9B0D-AE8E9FF444FD}
	EndGlobalSection
	GlobalSection(ExtensibilityGlobals) = postSolution
		SolutionGuid = {FA779EBD-5272-4762-98DD-A43C45BF2B20}
	EndGlobalSection
EndGlobal
